
Microsoft Visual Studio Solution File, Format Version 12.00
# Visual Studio Version 16
VisualStudioVersion = 16.0.32228.343
MinimumVisualStudioVersion = 10.0.40219.1
Project("{FAE04EC0-301F-11D3-BF4B-00C04F79EFBC}") = "TwentyOne_Game", "TwentyOne_Game\TwentyOne_Game.csproj", "{E8ED944E-EE26-4F9F-8117-69BF6102A34B}"
EndProject
Project("{FAE04EC0-301F-11D3-BF4B-00C04F79EFBC}") = "Casino", "Casino\Casino.csproj", "{F242F772-01A8-4A7C-A55B-6421D9DFC6AA}"
EndProject
Global
	GlobalSection(SolutionConfigurationPlatforms) = preSolution
		Debug|Any CPU = Debug|Any CPU
		Release|Any CPU = Release|Any CPU
	EndGlobalSection
	GlobalSection(ProjectConfigurationPlatforms) = postSolution
		{E8ED944E-EE26-4F9F-8117-69BF6102A34B}.Debug|Any CPU.ActiveCfg = Debug|Any CPU
		{E8ED944E-EE26-4F9F-8117-69BF6102A34B}.Debug|Any CPU.Build.0 = Debug|Any CPU
		{E8ED944E-EE26-4F9F-8117-69BF6102A34B}.Release|Any CPU.ActiveCfg = Release|Any CPU
		{E8ED944E-EE26-4F9F-8117-69BF6102A34B}.Release|Any CPU.Build.0 = Release|Any CPU
		{F242F772-01A8-4A7C-A55B-6421D9DFC6AA}.Debug|Any CPU.ActiveCfg = Debug|Any CPU
		{F242F772-01A8-4A7C-A55B-6421D9DFC6AA}.Debug|Any CPU.Build.0 = Debug|Any CPU
		{F242F772-01A8-4A7C-A55B-6421D9DFC6AA}.Release|Any CPU.ActiveCfg = Release|Any CPU
		{F242F772-01A8-4A7C-A55B-6421D9DFC6AA}.Release|Any CPU.Build.0 = Release|Any CPU
	EndGlobalSection
	GlobalSection(SolutionProperties) = preSolution
		HideSolutionNode = FALSE
	EndGlobalSection
	GlobalSection(ExtensibilityGlobals) = postSolution
		SolutionGuid = {5C1493EE-A624-4370-9737-63DC275B6752}
	EndGlobalSection
EndGlobal
