
Microsoft Visual Studio Solution File, Format Version 12.00
# Visual Studio Version 16
VisualStudioVersion = 16.0.32228.343
MinimumVisualStudioVersion = 10.0.40219.1
Project("{FAE04EC0-301F-11D3-BF4B-00C04F79EFBC}") = "TryCatchUserInputAge_ConsoleApp", "TryCatchUserInputAge_ConsoleApp\TryCatchUserInputAge_ConsoleApp.csproj", "{34822AF4-C12E-4B1D-BA9F-62C90D4F5DDC}"
EndProject
Global
	GlobalSection(SolutionConfigurationPlatforms) = preSolution
		Debug|Any CPU = Debug|Any CPU
		Release|Any CPU = Release|Any CPU
	EndGlobalSection
	GlobalSection(ProjectConfigurationPlatforms) = postSolution
		{34822AF4-C12E-4B1D-BA9F-62C90D4F5DDC}.Debug|Any CPU.ActiveCfg = Debug|Any CPU
		{34822AF4-C12E-4B1D-BA9F-62C90D4F5DDC}.Debug|Any CPU.Build.0 = Debug|Any CPU
		{34822AF4-C12E-4B1D-BA9F-62C90D4F5DDC}.Release|Any CPU.ActiveCfg = Release|Any CPU
		{34822AF4-C12E-4B1D-BA9F-62C90D4F5DDC}.Release|Any CPU.Build.0 = Release|Any CPU
	EndGlobalSection
	GlobalSection(SolutionProperties) = preSolution
		HideSolutionNode = FALSE
	EndGlobalSection
	GlobalSection(ExtensibilityGlobals) = postSolution
		SolutionGuid = {4B9DDF09-8FA3-4767-953C-137619D52898}
	EndGlobalSection
EndGlobal
