
Microsoft Visual Studio Solution File, Format Version 12.00
# Visual Studio Version 16
VisualStudioVersion = 16.0.32228.343
MinimumVisualStudioVersion = 10.0.40219.1
Project("{FAE04EC0-301F-11D3-BF4B-00C04F79EFBC}") = "ConsoleApp_CallingMethods", "ConsoleApp_CallingMethods\ConsoleApp_CallingMethods.csproj", "{B18AD5D2-23D0-44E3-B1FE-9F4DF15FE732}"
EndProject
Global
	GlobalSection(SolutionConfigurationPlatforms) = preSolution
		Debug|Any CPU = Debug|Any CPU
		Release|Any CPU = Release|Any CPU
	EndGlobalSection
	GlobalSection(ProjectConfigurationPlatforms) = postSolution
		{B18AD5D2-23D0-44E3-B1FE-9F4DF15FE732}.Debug|Any CPU.ActiveCfg = Debug|Any CPU
		{B18AD5D2-23D0-44E3-B1FE-9F4DF15FE732}.Debug|Any CPU.Build.0 = Debug|Any CPU
		{B18AD5D2-23D0-44E3-B1FE-9F4DF15FE732}.Release|Any CPU.ActiveCfg = Release|Any CPU
		{B18AD5D2-23D0-44E3-B1FE-9F4DF15FE732}.Release|Any CPU.Build.0 = Release|Any CPU
	EndGlobalSection
	GlobalSection(SolutionProperties) = preSolution
		HideSolutionNode = FALSE
	EndGlobalSection
	GlobalSection(ExtensibilityGlobals) = postSolution
		SolutionGuid = {904FB573-58A1-4456-ABF8-F8A8351BFF4E}
	EndGlobalSection
EndGlobal
