
Microsoft Visual Studio Solution File, Format Version 12.00
# Visual Studio Version 16
VisualStudioVersion = 16.0.32228.343
MinimumVisualStudioVersion = 10.0.40219.1
Project("{FAE04EC0-301F-11D3-BF4B-00C04F79EFBC}") = "ArrayConsoleApp", "ArrayConsoleApp\ArrayConsoleApp.csproj", "{3A9752F1-D6AB-49DA-B4B2-47C9742A2C9E}"
EndProject
Global
	GlobalSection(SolutionConfigurationPlatforms) = preSolution
		Debug|Any CPU = Debug|Any CPU
		Release|Any CPU = Release|Any CPU
	EndGlobalSection
	GlobalSection(ProjectConfigurationPlatforms) = postSolution
		{3A9752F1-D6AB-49DA-B4B2-47C9742A2C9E}.Debug|Any CPU.ActiveCfg = Debug|Any CPU
		{3A9752F1-D6AB-49DA-B4B2-47C9742A2C9E}.Debug|Any CPU.Build.0 = Debug|Any CPU
		{3A9752F1-D6AB-49DA-B4B2-47C9742A2C9E}.Release|Any CPU.ActiveCfg = Release|Any CPU
		{3A9752F1-D6AB-49DA-B4B2-47C9742A2C9E}.Release|Any CPU.Build.0 = Release|Any CPU
	EndGlobalSection
	GlobalSection(SolutionProperties) = preSolution
		HideSolutionNode = FALSE
	EndGlobalSection
	GlobalSection(ExtensibilityGlobals) = postSolution
		SolutionGuid = {ACD34E65-A32A-4E87-A405-704B6F549D30}
	EndGlobalSection
EndGlobal
